// !$*UTF8*$!
{
	archiveVersion = 1;
	classes = {
	};
	objectVersion = 46;
	objects = {

/* Begin PBXBuildFile section */
		9327EAB61E5C704D0064B55D /* AppDelegate.m in Sources */ = {isa = PBXBuildFile; fileRef = 9327EAB51E5C704D0064B55D /* AppDelegate.m */; };
		9327EAB91E5C704D0064B55D /* main.m in Sources */ = {isa = PBXBuildFile; fileRef = 9327EAB81E5C704D0064B55D /* main.m */; };
		9327EABB1E5C704D0064B55D /* Assets.xcassets in Resources */ = {isa = PBXBuildFile; fileRef = 9327EABA1E5C704D0064B55D /* Assets.xcassets */; };
		9327EABE1E5C704D0064B55D /* MainMenu.xib in Resources */ = {isa = PBXBuildFile; fileRef = 9327EABC1E5C704D0064B55D /* MainMenu.xib */; };
/* End PBXBuildFile section */

/* Begin PBXFileReference section */
		9327EAB11E5C704D0064B55D /* SDL_Helper.app */ = {isa = PBXFileReference; explicitFileType = wrapper.application; includeInIndex = 0; path = SDL_Helper.app; sourceTree = BUILT_PRODUCTS_DIR; };
		9327EAB41E5C704D0064B55D /* AppDelegate.h */ = {isa = PBXFileReference; lastKnownFileType = sourcecode.c.h; path = AppDelegate.h; sourceTree = "<group>"; };
		9327EAB51E5C704D0064B55D /* AppDelegate.m */ = {isa = PBXFileReference; lastKnownFileType = sourcecode.c.objc; path = AppDelegate.m; sourceTree = "<group>"; };
		9327EAB81E5C704D0064B55D /* main.m */ = {isa = PBXFileReference; lastKnownFileType = sourcecode.c.objc; path = main.m; sourceTree = "<group>"; };
		9327EABA1E5C704D0064B55D /* Assets.xcassets */ = {isa = PBXFileReference; lastKnownFileType = folder.assetcatalog; path = Assets.xcassets; sourceTree = "<group>"; };
		9327EABD1E5C704D0064B55D /* Base */ = {isa = PBXFileReference; lastKnownFileType = file.xib; name = Base; path = Base.lproj/MainMenu.xib; sourceTree = "<group>"; };
		9327EABF1E5C704D0064B55D /* Info.plist */ = {isa = PBXFileReference; lastKnownFileType = text.plist.xml; path = Info.plist; sourceTree = "<group>"; };
/* End PBXFileReference section */

/* Begin PBXFrameworksBuildPhase section */
		9327EAAE1E5C704D0064B55D /* Frameworks */ = {
			isa = PBXFrameworksBuildPhase;
			buildActionMask = 2147483647;
			files = (
			);
			runOnlyForDeploymentPostprocessing = 0;
		};
/* End PBXFrameworksBuildPhase section */

/* Begin PBXGroup section */
		9327EAA81E5C704D0064B55D = {
			isa = PBXGroup;
			children = (
				9327EAB31E5C704D0064B55D /* SDL_Helper */,
				9327EAB21E5C704D0064B55D /* Products */,
			);
			sourceTree = "<group>";
		};
		9327EAB21E5C704D0064B55D /* Products */ = {
			isa = PBXGroup;
			children = (
				9327EAB11E5C704D0064B55D /* SDL_Helper.app */,
			);
			name = Products;
			sourceTree = "<group>";
		};
		9327EAB31E5C704D0064B55D /* SDL_Helper */ = {
			isa = PBXGroup;
			children = (
				9327EAB41E5C704D0064B55D /* AppDelegate.h */,
				9327EAB51E5C704D0064B55D /* AppDelegate.m */,
				9327EABA1E5C704D0064B55D /* Assets.xcassets */,
				9327EABC1E5C704D0064B55D /* MainMenu.xib */,
				9327EABF1E5C704D0064B55D /* Info.plist */,
				9327EAB71E5C704D0064B55D /* Supporting Files */,
			);
			path = SDL_Helper;
			sourceTree = "<group>";
		};
		9327EAB71E5C704D0064B55D /* Supporting Files */ = {
			isa = PBXGroup;
			children = (
				9327EAB81E5C704D0064B55D /* main.m */,
			);
			name = "Supporting Files";
			sourceTree = "<group>";
		};
/* End PBXGroup section */

/* Begin PBXNativeTarget section */
		9327EAB01E5C704D0064B55D /* SDL_Helper */ = {
			isa = PBXNativeTarget;
			buildConfigurationList = 9327EAC21E5C704D0064B55D /* Build configuration list for PBXNativeTarget "SDL_Helper" */;
			buildPhases = (
				9327EAAD1E5C704D0064B55D /* Sources */,
				9327EAAE1E5C704D0064B55D /* Frameworks */,
				9327EAAF1E5C704D0064B55D /* Resources */,
			);
			buildRules = (
			);
			dependencies = (
			);
			name = SDL_Helper;
			productName = SDL_Helper;
			productReference = 9327EAB11E5C704D0064B55D /* SDL_Helper.app */;
			productType = "com.apple.product-type.application";
		};
/* End PBXNativeTarget section */

/* Begin PBXProject section */
		9327EAA91E5C704D0064B55D /* Project object */ = {
			isa = PBXProject;
			attributes = {
				LastUpgradeCheck = 0820;
				ORGANIZATIONNAME = "Yiming Lu";
				TargetAttributes = {
					9327EAB01E5C704D0064B55D = {
						CreatedOnToolsVersion = 8.2.1;
						ProvisioningStyle = Automatic;
					};
				};
			};
			buildConfigurationList = 9327EAAC1E5C704D0064B55D /* Build configuration list for PBXProject "SDL_Helper" */;
			compatibilityVersion = "Xcode 3.2";
			developmentRegion = English;
			hasScannedForEncodings = 0;
			knownRegions = (
				en,
				Base,
			);
			mainGroup = 9327EAA81E5C704D0064B55D;
			productRefGroup = 9327EAB21E5C704D0064B55D /* Products */;
			projectDirPath = "";
			projectRoot = "";
			targets = (
				9327EAB01E5C704D0064B55D /* SDL_Helper */,
			);
		};
/* End PBXProject section */

/* Begin PBXResourcesBuildPhase section */
		9327EAAF1E5C704D0064B55D /* Resources */ = {
			isa = PBXResourcesBuildPhase;
			buildActionMask = 2147483647;
			files = (
				9327EABB1E5C704D0064B55D /* Assets.xcassets in Resources */,
				9327EABE1E5C704D0064B55D /* MainMenu.xib in Resources */,
			);
			runOnlyForDeploymentPostprocessing = 0;
		};
/* End PBXResourcesBuildPhase section */

/* Begin PBXSourcesBuildPhase section */
		9327EAAD1E5C704D0064B55D /* Sources */ = {
			isa = PBXSourcesBuildPhase;
			buildActionMask = 2147483647;
			files = (
				9327EAB91E5C704D0064B55D /* main.m in Sources */,
				9327EAB61E5C704D0064B55D /* AppDelegate.m in Sources */,
			);
			runOnlyForDeploymentPostprocessing = 0;
		};
/* End PBXSourcesBuildPhase section */

/* Begin PBXVariantGroup section */
		9327EABC1E5C704D0064B55D /* MainMenu.xib */ = {
			isa = PBXVariantGroup;
			children = (
				9327EABD1E5C704D0064B55D /* Base */,
			);
			name = MainMenu.xib;
			sourceTree = "<group>";
		};
/* End PBXVariantGroup section */

/* Begin XCBuildConfiguration section */
		9327EAC01E5C704D0064B55D /* Debug */ = {
			isa = XCBuildConfiguration;
			buildSettings = {
				ALWAYS_SEARCH_USER_PATHS = NO;
				CLANG_ANALYZER_NONNULL = YES;
				CLANG_CXX_LANGUAGE_STANDARD = "gnu++0x";
				CLANG_CXX_LIBRARY = "libc++";
				CLANG_ENABLE_MODULES = YES;
				CLANG_ENABLE_OBJC_ARC = YES;
				CLANG_WARN_BOOL_CONVERSION = YES;
				CLANG_WARN_CONSTANT_CONVERSION = YES;
				CLANG_WARN_DIRECT_OBJC_ISA_USAGE = YES_ERROR;
				CLANG_WARN_DOCUMENTATION_COMMENTS = YES;
				CLANG_WARN_EMPTY_BODY = YES;
				CLANG_WARN_ENUM_CONVERSION = YES;
				CLANG_WARN_INFINITE_RECURSION = YES;
				CLANG_WARN_INT_CONVERSION = YES;
				CLANG_WARN_OBJC_ROOT_CLASS = YES_ERROR;
				CLANG_WARN_SUSPICIOUS_MOVE = YES;
				CLANG_WARN_UNREACHABLE_CODE = YES;
				CLANG_WARN__DUPLICATE_METHOD_MATCH = YES;
				CODE_SIGN_IDENTITY = "-";
				COPY_PHASE_STRIP = NO;
				DEBUG_INFORMATION_FORMAT = dwarf;
				ENABLE_STRICT_OBJC_MSGSEND = YES;
				ENABLE_TESTABILITY = YES;
				GCC_C_LANGUAGE_STANDARD = gnu99;
				GCC_DYNAMIC_NO_PIC = NO;
				GCC_NO_COMMON_BLOCKS = YES;
				GCC_OPTIMIZATION_LEVEL = 0;
				GCC_PREPROCESSOR_DEFINITIONS = (
					"DEBUG=1",
					"$(inherited)",
				);
				GCC_WARN_64_TO_32_BIT_CONVERSION = YES;
				GCC_WARN_ABOUT_RETURN_TYPE = YES_ERROR;
				GCC_WARN_UNDECLARED_SELECTOR = YES;
				GCC_WARN_UNINITIALIZED_AUTOS = YES_AGGRESSIVE;
				GCC_WARN_UNUSED_FUNCTION = YES;
				GCC_WARN_UNUSED_VARIABLE = YES;
				MACOSX_DEPLOYMENT_TARGET = 10.12;
				MTL_ENABLE_DEBUG_INFO = YES;
				ONLY_ACTIVE_ARCH = YES;
				SDKROOT = macosx;
			};
			name = Debug;
		};
		9327EAC11E5C704D0064B55D /* Release */ = {
			isa = XCBuildConfiguration;
			buildSettings = {
				ALWAYS_SEARCH_USER_PATHS = NO;
				CLANG_ANALYZER_NONNULL = YES;
				CLANG_CXX_LANGUAGE_STANDARD = "gnu++0x";
				CLANG_CXX_LIBRARY = "libc++";
				CLANG_ENABLE_MODULES = YES;
				CLANG_ENABLE_OBJC_ARC = YES;
				CLANG_WARN_BOOL_CONVERSION = YES;
				CLANG_WARN_CONSTANT_CONVERSION = YES;
				CLANG_WARN_DIRECT_OBJC_ISA_USAGE = YES_ERROR;
				CLANG_WARN_DOCUMENTATION_COMMENTS = YES;
				CLANG_WARN_EMPTY_BODY = YES;
				CLANG_WARN_ENUM_CONVERSION = YES;
				CLANG_WARN_INFINITE_RECURSION = YES;
				CLANG_WARN_INT_CONVERSION = YES;
				CLANG_WARN_OBJC_ROOT_CLASS = YES_ERROR;
				CLANG_WARN_SUSPICIOUS_MOVE = YES;
				CLANG_WARN_UNREACHABLE_CODE = YES;
				CLANG_WARN__DUPLICATE_METHOD_MATCH = YES;
				CODE_SIGN_IDENTITY = "-";
				COPY_PHASE_STRIP = NO;
				DEBUG_INFORMATION_FORMAT = "dwarf-with-dsym";
				ENABLE_NS_ASSERTIONS = NO;
				ENABLE_STRICT_OBJC_MSGSEND = YES;
				GCC_C_LANGUAGE_STANDARD = gnu99;
				GCC_NO_COMMON_BLOCKS = YES;
				GCC_WARN_64_TO_32_BIT_CONVERSION = YES;
				GCC_WARN_ABOUT_RETURN_TYPE = YES_ERROR;
				GCC_WARN_UNDECLARED_SELECTOR = YES;
				GCC_WARN_UNINITIALIZED_AUTOS = YES_AGGRESSIVE;
				GCC_WARN_UNUSED_FUNCTION = YES;
				GCC_WARN_UNUSED_VARIABLE = YES;
				MACOSX_DEPLOYMENT_TARGET = 10.12;
				MTL_ENABLE_DEBUG_INFO = NO;
				SDKROOT = macosx;
			};
			name = Release;
		};
		9327EAC31E5C704D0064B55D /* Debug */ = {
			isa = XCBuildConfiguration;
			buildSettings = {
				ASSETCATALOG_COMPILER_APPICON_NAME = AppIcon;
				COMBINE_HIDPI_IMAGES = YES;
				INFOPLIST_FILE = SDL_Helper/Info.plist;
				LD_RUNPATH_SEARCH_PATHS = "$(inherited) @executable_path/../Frameworks";
				PRODUCT_BUNDLE_IDENTIFIER = "-02.SDL-Helper";
				PRODUCT_NAME = "$(TARGET_NAME)";
			};
			name = Debug;
		};
		9327EAC41E5C704D0064B55D /* Release */ = {
			isa = XCBuildConfiguration;
			buildSettings = {
				ASSETCATALOG_COMPILER_APPICON_NAME = AppIcon;
				COMBINE_HIDPI_IMAGES = YES;
				INFOPLIST_FILE = SDL_Helper/Info.plist;
				LD_RUNPATH_SEARCH_PATHS = "$(inherited) @executable_path/../Frameworks";
				PRODUCT_BUNDLE_IDENTIFIER = "-02.SDL-Helper";
				PRODUCT_NAME = "$(TARGET_NAME)";
			};
			name = Release;
		};
/* End XCBuildConfiguration section */

/* Begin XCConfigurationList section */
		9327EAAC1E5C704D0064B55D /* Build configuration list for PBXProject "SDL_Helper" */ = {
			isa = XCConfigurationList;
			buildConfigurations = (
				9327EAC01E5C704D0064B55D /* Debug */,
				9327EAC11E5C704D0064B55D /* Release */,
			);
			defaultConfigurationIsVisible = 0;
			defaultConfigurationName = Release;
		};
		9327EAC21E5C704D0064B55D /* Build configuration list for PBXNativeTarget "SDL_Helper" */ = {
			isa = XCConfigurationList;
			buildConfigurations = (
				9327EAC31E5C704D0064B55D /* Debug */,
				9327EAC41E5C704D0064B55D /* Release */,
			);
			defaultConfigurationIsVisible = 0;
		};
/* End XCConfigurationList section */
	};
	rootObject = 9327EAA91E5C704D0064B55D /* Project object */;
}
